
Microsoft Visual Studio Solution File, Format Version 12.00
# Visual Studio Version 17
VisualStudioVersion = 17.14.36915.13 d17.14
MinimumVisualStudioVersion = 10.0.40219.1
Project("{FAE04EC0-301F-11D3-BF4B-00C04F79EFBC}") = "Assignment 02-LINQ", "Assignment 02-LINQ.csproj", "{11E1FF17-6861-470D-9B65-0AE7A29CFB82}"
EndProject
Global
	GlobalSection(SolutionConfigurationPlatforms) = preSolution
		Debug|Any CPU = Debug|Any CPU
		Release|Any CPU = Release|Any CPU
	EndGlobalSection
	GlobalSection(ProjectConfigurationPlatforms) = postSolution
		{11E1FF17-6861-470D-9B65-0AE7A29CFB82}.Debug|Any CPU.ActiveCfg = Debug|Any CPU
		{11E1FF17-6861-470D-9B65-0AE7A29CFB82}.Debug|Any CPU.Build.0 = Debug|Any CPU
		{11E1FF17-6861-470D-9B65-0AE7A29CFB82}.Release|Any CPU.ActiveCfg = Release|Any CPU
		{11E1FF17-6861-470D-9B65-0AE7A29CFB82}.Release|Any CPU.Build.0 = Release|Any CPU
	EndGlobalSection
	GlobalSection(SolutionProperties) = preSolution
		HideSolutionNode = FALSE
	EndGlobalSection
	GlobalSection(ExtensibilityGlobals) = postSolution
		SolutionGuid = {FE96D383-A697-47C8-97DF-EC8A9E919740}
	EndGlobalSection
EndGlobal
